{
  "nodes": {
    "caisson": {
      "locked": {
        "lastModified": 1788424022,
        "narHash": "sha256-O5L156uTgGIjBlD9R4uTl4cGAfTa1SiWZRSZBneF7Lo=",
        "owner": "nix-caisson",
        "repo": "caisson",
        "rev": "7eb1bd6270d2a38c6f7973dae3288841cbece3e4",
        "type": "github"
      },
      "original": {
        "owner": "nix-caisson",
        "repo": "caisson",
        "type": "github"
      }
    },
    "caisson_2": {
      "locked": {
        "lastModified": 1788424022,
        "narHash": "sha256-O5L156uTgGIjBlD9R4uTl4cGAfTa1SiWZRSZBneF7Lo=",
        "owner": "nix-caisson",
        "repo": "caisson",
        "rev": "7eb1bd6270d2a38c6f7973dae3288841cbece3e4",
        "type": "github"
      },
      "original": {
        "owner": "nix-caisson",
        "repo": "caisson",
        "type": "github"
      }
    },
    "caisson_3": {
      "locked": {
        "lastModified": 1788424022,
        "narHash": "sha256-O5L156uTgGIjBlD9R4uTl4cGAfTa1SiWZRSZBneF7Lo=",
        "owner": "nix-caisson",
        "repo": "caisson",
        "rev": "7eb1bd6270d2a38c6f7973dae3288841cbece3e4",
        "type": "github"
      },
      "original": {
        "owner": "nix-caisson",
        "repo": "caisson",
        "type": "github"
      }
    },
    "caisson_4": {
      "locked": {
        "lastModified": 1788424022,
        "narHash": "sha256-O5L156uTgGIjBlD9R4uTl4cGAfTa1SiWZRSZBneF7Lo=",
        "owner": "nix-caisson",
        "repo": "caisson",
        "rev": "7eb1bd6270d2a38c6f7973dae3288841cbece3e4",
        "type": "github"
      },
      "original": {
        "owner": "nix-caisson",
        "repo": "caisson",
        "type": "github"
      }
    },
    "ch-language-servers": {
      "inputs": {
        "caisson": "caisson_2",
        "merman": "merman",
        "nixpkgs": "nixpkgs_2"
      },
      "locked": {
        "lastModified": 1788508079,
        "narHash": "sha256-JRfXe+clBJdLhVO49ex1cHKI28aOdO3rnQC9U94v0sE=",
        "owner": "clhodapp",
        "repo": "ch-language-servers",
        "rev": "fb9c4cf01bb2de65cc098b34d381628fb5e5aa2b",
        "type": "github"
      },
      "original": {
        "owner": "clhodapp",
        "repo": "ch-language-servers",
        "type": "github"
      }
    },
    "collab-comments": {
      "flake": false,
      "locked": {
        "lastModified": 1788080696,
        "narHash": "sha256-IvvXeeoW4Dyp7UcE+dI1LXh4Y2yopNKMWRZdfYLM6pY=",
        "owner": "clhodapp",
        "repo": "collab-comments",
        "rev": "d00aee9412bb7729720165e6cf35f1ddba2fef24",
        "type": "github"
      },
      "original": {
        "owner": "clhodapp",
        "repo": "collab-comments",
        "type": "github"
      }
    },
    "emacs-overlay": {
      "inputs": {
        "nixpkgs": [
          "nixpkgs"
        ],
        "nixpkgs-stable": "nixpkgs-stable"
      },
      "locked": {
        "lastModified": 1788490948,
        "narHash": "sha256-d8fF/qfPC/4V0T/+FBK3jsLhl+HJ5IsUlbQonpAaWqI=",
        "owner": "nix-community",
        "repo": "emacs-overlay",
        "rev": "e5dd8d11067a0733efedfbaa3e6c17d2c855193a",
        "type": "github"
      },
      "original": {
        "owner": "nix-community",
        "repo": "emacs-overlay",
        "type": "github"
      }
    },
    "merman": {
      "inputs": {
        "caisson": "caisson_3",
        "nixpkgs": "nixpkgs"
      },
      "locked": {
        "lastModified": 1788502123,
        "narHash": "sha256-SD/26tlZjcE3FFAJH1fCBXbyvhsPWE2WaORGYGWvKX4=",
        "owner": "clhodapp",
        "repo": "merman",
        "rev": "843e76ba70b1896a9253486e03b946aaff01fc3a",
        "type": "github"
      },
      "original": {
        "owner": "clhodapp",
        "repo": "merman",
        "type": "github"
      }
    },
    "merman_2": {
      "inputs": {
        "caisson": "caisson_4",
        "nixpkgs": "nixpkgs_3"
      },
      "locked": {
        "lastModified": 1788502123,
        "narHash": "sha256-SD/26tlZjcE3FFAJH1fCBXbyvhsPWE2WaORGYGWvKX4=",
        "owner": "clhodapp",
        "repo": "merman",
        "rev": "843e76ba70b1896a9253486e03b946aaff01fc3a",
        "type": "github"
      },
      "original": {
        "owner": "clhodapp",
        "repo": "merman",
        "type": "github"
      }
    },
    "nixpkgs": {
      "locked": {
        "lastModified": 1788316716,
        "narHash": "sha256-bc7rSpXIdn9QWGNqfWcPZWOhEVF8NoeAZkWq0XWnf/k=",
        "owner": "NixOS",
        "repo": "nixpkgs",
        "rev": "3ed67ec0a4d3c7ab4ae1f04f8ee8df07bfa506a2",
        "type": "github"
      },
      "original": {
        "owner": "NixOS",
        "ref": "nixos-unstable",
        "repo": "nixpkgs",
        "type": "github"
      }
    },
    "nixpkgs-stable": {
      "locked": {
        "lastModified": 1788405554,
        "narHash": "sha256-r2f1oUwixlgq9zOdYLqJLfS/lWBT60/IITjhTKI59JU=",
        "owner": "NixOS",
        "repo": "nixpkgs",
        "rev": "a5cc6f2c37bf518436dc8d1c288ccd0c43c2f4c4",
        "type": "github"
      },
      "original": {
        "owner": "NixOS",
        "ref": "nixos-26.05",
        "repo": "nixpkgs",
        "type": "github"
      }
    },
    "nixpkgs_2": {
      "locked": {
        "lastModified": 1788316716,
        "narHash": "sha256-bc7rSpXIdn9QWGNqfWcPZWOhEVF8NoeAZkWq0XWnf/k=",
        "owner": "NixOS",
        "repo": "nixpkgs",
        "rev": "3ed67ec0a4d3c7ab4ae1f04f8ee8df07bfa506a2",
        "type": "github"
      },
      "original": {
        "owner": "NixOS",
        "ref": "nixos-unstable",
        "repo": "nixpkgs",
        "type": "github"
      }
    },
    "nixpkgs_3": {
      "locked": {
        "lastModified": 1788316716,
        "narHash": "sha256-bc7rSpXIdn9QWGNqfWcPZWOhEVF8NoeAZkWq0XWnf/k=",
        "owner": "NixOS",
        "repo": "nixpkgs",
        "rev": "3ed67ec0a4d3c7ab4ae1f04f8ee8df07bfa506a2",
        "type": "github"
      },
      "original": {
        "owner": "NixOS",
        "ref": "nixos-unstable",
        "repo": "nixpkgs",
        "type": "github"
      }
    },
    "nixpkgs_4": {
      "locked": {
        "lastModified": 1788316716,
        "narHash": "sha256-bc7rSpXIdn9QWGNqfWcPZWOhEVF8NoeAZkWq0XWnf/k=",
        "owner": "NixOS",
        "repo": "nixpkgs",
        "rev": "3ed67ec0a4d3c7ab4ae1f04f8ee8df07bfa506a2",
        "type": "github"
      },
      "original": {
        "owner": "NixOS",
        "ref": "nixos-unstable",
        "repo": "nixpkgs",
        "type": "github"
      }
    },
    "parenting": {
      "flake": false,
      "locked": {
        "lastModified": 1788120189,
        "narHash": "sha256-cghgJTnwRh/Fi5gMVH0LS6LtEXxi0SDoJO7bW00Iha0=",
        "owner": "clhodapp",
        "repo": "parenting",
        "rev": "1649ccf40f89a0432641dab2ed039e4adb7502f1",
        "type": "github"
      },
      "original": {
        "owner": "clhodapp",
        "repo": "parenting",
        "type": "github"
      }
    },
    "pr-review": {
      "flake": false,
      "locked": {
        "lastModified": 1788415580,
        "narHash": "sha256-fvbKifVtKWd+ILypSyfCVndcUmX5pnkIKx2XiGeyRYk=",
        "owner": "clhodapp",
        "repo": "emacs-pr-review",
        "rev": "964690a91e920facfc4772de64d6add6032fba76",
        "type": "github"
      },
      "original": {
        "owner": "clhodapp",
        "repo": "emacs-pr-review",
        "type": "github"
      }
    },
    "root": {
      "inputs": {
        "caisson": "caisson",
        "ch-language-servers": "ch-language-servers",
        "collab-comments": "collab-comments",
        "emacs-overlay": "emacs-overlay",
        "merman": "merman_2",
        "nixpkgs": "nixpkgs_4",
        "parenting": "parenting",
        "pr-review": "pr-review"
      }
    }
  },
  "root": "root",
  "version": 7
}
