{
  "nodes": {
    "caisson": {
      "locked": {
        "lastModified": 1788424022,
        "narHash": "sha256-O5L156uTgGIjBlD9R4uTl4cGAfTa1SiWZRSZBneF7Lo=",
        "owner": "nix-caisson",
        "repo": "caisson",
        "rev": "7eb1bd6270d2a38c6f7973dae3288841cbece3e4",
        "type": "github"
      },
      "original": {
        "owner": "nix-caisson",
        "repo": "caisson",
        "type": "github"
      }
    },
    "caisson_2": {
      "locked": {
        "lastModified": 1788424022,
        "narHash": "sha256-O5L156uTgGIjBlD9R4uTl4cGAfTa1SiWZRSZBneF7Lo=",
        "owner": "nix-caisson",
        "repo": "caisson",
        "rev": "7eb1bd6270d2a38c6f7973dae3288841cbece3e4",
        "type": "github"
      },
      "original": {
        "owner": "nix-caisson",
        "repo": "caisson",
        "type": "github"
      }
    },
    "emacs-overlay": {
      "inputs": {
        "nixpkgs": [
          "nixpkgs"
        ],
        "nixpkgs-stable": "nixpkgs-stable"
      },
      "locked": {
        "lastModified": 1788753019,
        "narHash": "sha256-Q2U2mpObrEOXYsk4l4fNMZDEgL4MlfFmX1MttWbDwNk=",
        "owner": "nix-community",
        "repo": "emacs-overlay",
        "rev": "920ce9291e1adc51acfa25d786ffa429855847b3",
        "type": "github"
      },
      "original": {
        "owner": "nix-community",
        "repo": "emacs-overlay",
        "type": "github"
      }
    },
    "merman": {
      "inputs": {
        "caisson": "caisson_2",
        "nixpkgs": "nixpkgs"
      },
      "locked": {
        "lastModified": 1788823943,
        "narHash": "sha256-dv9LTCawP/h6N4u3cEn7ZnRCmpA0SZSlnq7wwnExcKQ=",
        "owner": "clhodapp",
        "repo": "merman",
        "rev": "42287e234d8f72b92f958928e156f574e858b636",
        "type": "github"
      },
      "original": {
        "owner": "clhodapp",
        "repo": "merman",
        "type": "github"
      }
    },
    "nixpkgs": {
      "locked": {
        "lastModified": 1788614874,
        "narHash": "sha256-7QYjT2vHLuX9Z1pdxHXDKCbh1CR3D/2rywB9Tx0MPRg=",
        "owner": "NixOS",
        "repo": "nixpkgs",
        "rev": "c043004d1c6985732bcc1cbc5a9c9aecbbb4e0f0",
        "type": "github"
      },
      "original": {
        "owner": "NixOS",
        "ref": "nixos-unstable",
        "repo": "nixpkgs",
        "type": "github"
      }
    },
    "nixpkgs-stable": {
      "locked": {
        "lastModified": 1788584326,
        "narHash": "sha256-Fd3OB8J9JhgliQwOKcqx4M672CInxi1I5VnwsaXeSQo=",
        "owner": "NixOS",
        "repo": "nixpkgs",
        "rev": "6713828a351efa628b025a1adf7f43cbf8597513",
        "type": "github"
      },
      "original": {
        "owner": "NixOS",
        "ref": "nixos-26.05",
        "repo": "nixpkgs",
        "type": "github"
      }
    },
    "nixpkgs_2": {
      "locked": {
        "lastModified": 1788614874,
        "narHash": "sha256-7QYjT2vHLuX9Z1pdxHXDKCbh1CR3D/2rywB9Tx0MPRg=",
        "owner": "NixOS",
        "repo": "nixpkgs",
        "rev": "c043004d1c6985732bcc1cbc5a9c9aecbbb4e0f0",
        "type": "github"
      },
      "original": {
        "owner": "NixOS",
        "ref": "nixos-unstable",
        "repo": "nixpkgs",
        "type": "github"
      }
    },
    "pr-review": {
      "flake": false,
      "locked": {
        "lastModified": 1788415580,
        "narHash": "sha256-fvbKifVtKWd+ILypSyfCVndcUmX5pnkIKx2XiGeyRYk=",
        "owner": "clhodapp",
        "repo": "emacs-pr-review",
        "rev": "964690a91e920facfc4772de64d6add6032fba76",
        "type": "github"
      },
      "original": {
        "owner": "clhodapp",
        "repo": "emacs-pr-review",
        "type": "github"
      }
    },
    "root": {
      "inputs": {
        "caisson": "caisson",
        "emacs-overlay": "emacs-overlay",
        "merman": "merman",
        "nixpkgs": "nixpkgs_2",
        "pr-review": "pr-review"
      }
    }
  },
  "root": "root",
  "version": 7
}
