{
  "nodes": {
    "caisson": {
      "inputs": {
        "caisson-core": "caisson-core",
        "flake-parts": "flake-parts",
        "nixpkgs-lib": "nixpkgs-lib"
      },
      "locked": {
        "lastModified": 1791176902,
        "narHash": "sha256-MtrCICd8X7Wyu2+tECBBxQsdH62j+RmnDxloP9wvhK0=",
        "owner": "nix-caisson",
        "repo": "caisson",
        "rev": "90f378eff2aa57a61657d67607854f640338793f",
        "type": "github"
      },
      "original": {
        "owner": "nix-caisson",
        "repo": "caisson",
        "type": "github"
      }
    },
    "caisson-core": {
      "locked": {
        "lastModified": 1791171233,
        "narHash": "sha256-/C4CGSj555B+vzZyZx+1YMYy2QJms9tZSm6qeQgwLFE=",
        "owner": "nix-caisson",
        "repo": "caisson-core",
        "rev": "d117cfc94b7875b57a7e0c6f623e5c010a0ebc1e",
        "type": "github"
      },
      "original": {
        "owner": "nix-caisson",
        "repo": "caisson-core",
        "type": "github"
      }
    },
    "caisson-core_2": {
      "locked": {
        "lastModified": 1791171233,
        "narHash": "sha256-/C4CGSj555B+vzZyZx+1YMYy2QJms9tZSm6qeQgwLFE=",
        "owner": "nix-caisson",
        "repo": "caisson-core",
        "rev": "d117cfc94b7875b57a7e0c6f623e5c010a0ebc1e",
        "type": "github"
      },
      "original": {
        "owner": "nix-caisson",
        "repo": "caisson-core",
        "type": "github"
      }
    },
    "caisson_2": {
      "inputs": {
        "caisson-core": "caisson-core_2",
        "flake-parts": "flake-parts_3",
        "nixpkgs-lib": "nixpkgs-lib_2"
      },
      "locked": {
        "lastModified": 1791176902,
        "narHash": "sha256-MtrCICd8X7Wyu2+tECBBxQsdH62j+RmnDxloP9wvhK0=",
        "owner": "nix-caisson",
        "repo": "caisson",
        "rev": "90f378eff2aa57a61657d67607854f640338793f",
        "type": "github"
      },
      "original": {
        "owner": "nix-caisson",
        "repo": "caisson",
        "type": "github"
      }
    },
    "emacs-overlay": {
      "inputs": {
        "nixpkgs": [
          "nixpkgs"
        ],
        "nixpkgs-stable": "nixpkgs-stable"
      },
      "locked": {
        "lastModified": 1791176526,
        "narHash": "sha256-IwFNp987AhGuBm+CzWjamz2a0qTNU4q9GW2Ak/ois3k=",
        "owner": "nix-community",
        "repo": "emacs-overlay",
        "rev": "a5684483b4262432acb81d13c46c92596cc342bf",
        "type": "github"
      },
      "original": {
        "owner": "nix-community",
        "repo": "emacs-overlay",
        "type": "github"
      }
    },
    "flake-parts": {
      "inputs": {
        "nixpkgs-lib": [
          "caisson",
          "nixpkgs-lib"
        ]
      },
      "locked": {
        "lastModified": 1788450739,
        "narHash": "sha256-glZLQlzIn1fXH6PazR2iUmTo7kzzyYSshrWhLS9TqCU=",
        "owner": "hercules-ci",
        "repo": "flake-parts",
        "rev": "31729ca8cbdb4fa927b34e5f4353e6a83f39e993",
        "type": "github"
      },
      "original": {
        "owner": "hercules-ci",
        "repo": "flake-parts",
        "type": "github"
      }
    },
    "flake-parts_2": {
      "inputs": {
        "nixpkgs-lib": [
          "nixpkgs"
        ]
      },
      "locked": {
        "lastModified": 1790898470,
        "narHash": "sha256-zTwuwezD0w3hpga6a6P8emidzAZFyWqlNeRBlpWOOl8=",
        "owner": "hercules-ci",
        "repo": "flake-parts",
        "rev": "024633cd702b10285db5cb19b40ad48d2399ba60",
        "type": "github"
      },
      "original": {
        "owner": "hercules-ci",
        "repo": "flake-parts",
        "type": "github"
      }
    },
    "flake-parts_3": {
      "inputs": {
        "nixpkgs-lib": [
          "merman-nix",
          "caisson",
          "nixpkgs-lib"
        ]
      },
      "locked": {
        "lastModified": 1788450739,
        "narHash": "sha256-glZLQlzIn1fXH6PazR2iUmTo7kzzyYSshrWhLS9TqCU=",
        "owner": "hercules-ci",
        "repo": "flake-parts",
        "rev": "31729ca8cbdb4fa927b34e5f4353e6a83f39e993",
        "type": "github"
      },
      "original": {
        "owner": "hercules-ci",
        "repo": "flake-parts",
        "type": "github"
      }
    },
    "flake-parts_4": {
      "inputs": {
        "nixpkgs-lib": [
          "merman-nix",
          "nixpkgs"
        ]
      },
      "locked": {
        "lastModified": 1790898470,
        "narHash": "sha256-zTwuwezD0w3hpga6a6P8emidzAZFyWqlNeRBlpWOOl8=",
        "owner": "hercules-ci",
        "repo": "flake-parts",
        "rev": "024633cd702b10285db5cb19b40ad48d2399ba60",
        "type": "github"
      },
      "original": {
        "owner": "hercules-ci",
        "repo": "flake-parts",
        "type": "github"
      }
    },
    "ghostel": {
      "flake": false,
      "locked": {
        "lastModified": 1789834264,
        "narHash": "sha256-NpfnlggAcThNw9uY7Uq4qFPEJ+md8aZ8i32CQSUKz+w=",
        "owner": "dakra",
        "repo": "ghostel",
        "rev": "829ac98a3e3183249028f9f4e029e7e9c0869be3",
        "type": "github"
      },
      "original": {
        "owner": "dakra",
        "ref": "v0.56.0",
        "repo": "ghostel",
        "type": "github"
      }
    },
    "merman-nix": {
      "inputs": {
        "caisson": "caisson_2",
        "flake-parts": "flake-parts_4",
        "nixpkgs": "nixpkgs"
      },
      "locked": {
        "lastModified": 1791468597,
        "narHash": "sha256-qiDsgZvy3BajgOGkpLWlD6vZpo1WLdM1oYFe+M5J9sw=",
        "owner": "clhodapp",
        "repo": "merman-nix",
        "rev": "7a9f4e476932ad9082d9e2c449b784771224dbf6",
        "type": "github"
      },
      "original": {
        "owner": "clhodapp",
        "repo": "merman-nix",
        "type": "github"
      }
    },
    "nixpkgs": {
      "locked": {
        "lastModified": 1791048980,
        "narHash": "sha256-KgItSKML8Xvte0B7/uGnBDsYzSnnKHcOaiUbgWBXLXw=",
        "owner": "NixOS",
        "repo": "nixpkgs",
        "rev": "a7868a727837f3c09cee2ce0ca671c76b1589fed",
        "type": "github"
      },
      "original": {
        "owner": "NixOS",
        "ref": "nixos-unstable",
        "repo": "nixpkgs",
        "type": "github"
      }
    },
    "nixpkgs-lib": {
      "locked": {
        "lastModified": 1789266065,
        "narHash": "sha256-XtTdVeJX6X/gU+vGIUEJHirotv/lYP5+Q9irMH6HWPY=",
        "owner": "nix-community",
        "repo": "nixpkgs.lib",
        "rev": "b91d4f1bc958e0bdfd6cb3db4a280486006f5002",
        "type": "github"
      },
      "original": {
        "owner": "nix-community",
        "repo": "nixpkgs.lib",
        "type": "github"
      }
    },
    "nixpkgs-lib_2": {
      "locked": {
        "lastModified": 1789266065,
        "narHash": "sha256-XtTdVeJX6X/gU+vGIUEJHirotv/lYP5+Q9irMH6HWPY=",
        "owner": "nix-community",
        "repo": "nixpkgs.lib",
        "rev": "b91d4f1bc958e0bdfd6cb3db4a280486006f5002",
        "type": "github"
      },
      "original": {
        "owner": "nix-community",
        "repo": "nixpkgs.lib",
        "type": "github"
      }
    },
    "nixpkgs-stable": {
      "locked": {
        "lastModified": 1791031588,
        "narHash": "sha256-/FGDr01siZ8txrVzkOz6CYjiz0XR27JuVJP+aWchi4s=",
        "owner": "NixOS",
        "repo": "nixpkgs",
        "rev": "825e2028c29b702a4a5f085f08095d12099784f2",
        "type": "github"
      },
      "original": {
        "owner": "NixOS",
        "ref": "nixos-26.05",
        "repo": "nixpkgs",
        "type": "github"
      }
    },
    "nixpkgs_2": {
      "locked": {
        "lastModified": 1791048980,
        "narHash": "sha256-KgItSKML8Xvte0B7/uGnBDsYzSnnKHcOaiUbgWBXLXw=",
        "owner": "NixOS",
        "repo": "nixpkgs",
        "rev": "a7868a727837f3c09cee2ce0ca671c76b1589fed",
        "type": "github"
      },
      "original": {
        "owner": "NixOS",
        "ref": "nixos-unstable",
        "repo": "nixpkgs",
        "type": "github"
      }
    },
    "pr-review": {
      "flake": false,
      "locked": {
        "lastModified": 1788415580,
        "narHash": "sha256-fvbKifVtKWd+ILypSyfCVndcUmX5pnkIKx2XiGeyRYk=",
        "owner": "clhodapp",
        "repo": "emacs-pr-review",
        "rev": "964690a91e920facfc4772de64d6add6032fba76",
        "type": "github"
      },
      "original": {
        "owner": "clhodapp",
        "repo": "emacs-pr-review",
        "type": "github"
      }
    },
    "root": {
      "inputs": {
        "caisson": "caisson",
        "emacs-overlay": "emacs-overlay",
        "flake-parts": "flake-parts_2",
        "ghostel": "ghostel",
        "merman-nix": "merman-nix",
        "nixpkgs": "nixpkgs_2",
        "pr-review": "pr-review"
      }
    }
  },
  "root": "root",
  "version": 7
}
